# THIS IS AN AUTOGENERATED FILE. DO NOT EDIT THIS FILE DIRECTLY.
# yarn lockfile v1


date-fns@^2.4.1:
  version "2.4.1"
  resolved "https://registry.yarnpkg.com/date-fns/-/date-fns-2.4.1.tgz#b53f9bb65ae6bd9239437035710e01cf383b625e"
  integrity sha512-2RhmH/sjDSCYW2F3ZQxOUx/I7PvzXpi89aQL2d3OAxSTwLx6NilATeUbe0menFE3Lu5lFkOFci36ivimwYHHxw==
