# This file is generated by gogradle automatically, you should NEVER modify it manually.
---
apiVersion: "0.11.4"
dependencies:
  build:
  - name: "github.com/DataDog/zstd"
    host:
      name: "go.mongodb.org/mongo-driver"
      commit: "3801c2046d36625de11419d943c8531cc1e0f614"
      url: "https://github.com/mongodb/mongo-go-driver.git"
      vcs: "git"
    vendorPath: "vendor/github.com/DataDog/zstd"
    transitive: false
  - name: "github.com/davecgh/go-spew"
    host:
      name: "go.mongodb.org/mongo-driver"
      commit: "3801c2046d36625de11419d943c8531cc1e0f614"
      url: "https://github.com/mongodb/mongo-go-driver.git"
      vcs: "git"
    vendorPath: "vendor/github.com/davecgh/go-spew"
    transitive: false
  - name: "github.com/go-stack/stack"
    host:
      name: "go.mongodb.org/mongo-driver"
      commit: "3801c2046d36625de11419d943c8531cc1e0f614"
      url: "https://github.com/mongodb/mongo-go-driver.git"
      vcs: "git"
    vendorPath: "vendor/github.com/go-stack/stack"
    transitive: false
  - name: "github.com/gobuffalo/envy"
    host:
      name: "go.mongodb.org/mongo-driver"
      commit: "3801c2046d36625de11419d943c8531cc1e0f614"
      url: "https://github.com/mongodb/mongo-go-driver.git"
      vcs: "git"
    vendorPath: "vendor/github.com/gobuffalo/envy"
    transitive: false
  - name: "github.com/gobuffalo/genny"
    host:
      name: "go.mongodb.org/mongo-driver"
      commit: "3801c2046d36625de11419d943c8531cc1e0f614"
      url: "https://github.com/mongodb/mongo-go-driver.git"
      vcs: "git"
    vendorPath: "vendor/github.com/gobuffalo/genny"
    transitive: false
  - name: "github.com/gobuffalo/gogen"
    host:
      name: "go.mongodb.org/mongo-driver"
      commit: "3801c2046d36625de11419d943c8531cc1e0f614"
      url: "https://github.com/mongodb/mongo-go-driver.git"
      vcs: "git"
    vendorPath: "vendor/github.com/gobuffalo/gogen"
    transitive: false
  - name: "github.com/gobuffalo/logger"
    host:
      name: "go.mongodb.org/mongo-driver"
      commit: "3801c2046d36625de11419d943c8531cc1e0f614"
      url: "https://github.com/mongodb/mongo-go-driver.git"
      vcs: "git"
    vendorPath: "vendor/github.com/gobuffalo/logger"
    transitive: false
  - name: "github.com/gobuffalo/mapi"
    host:
      name: "go.mongodb.org/mongo-driver"
      commit: "3801c2046d36625de11419d943c8531cc1e0f614"
      url: "https://github.com/mongodb/mongo-go-driver.git"
      vcs: "git"
    vendorPath: "vendor/github.com/gobuffalo/mapi"
    transitive: false
  - name: "github.com/gobuffalo/packd"
    host:
      name: "go.mongodb.org/mongo-driver"
      commit: "3801c2046d36625de11419d943c8531cc1e0f614"
      url: "https://github.com/mongodb/mongo-go-driver.git"
      vcs: "git"
    vendorPath: "vendor/github.com/gobuffalo/packd"
    transitive: false
  - name: "github.com/gobuffalo/packr"
    host:
      name: "go.mongodb.org/mongo-driver"
      commit: "3801c2046d36625de11419d943c8531cc1e0f614"
      url: "https://github.com/mongodb/mongo-go-driver.git"
      vcs: "git"
    vendorPath: "vendor/github.com/gobuffalo/packr"
    transitive: false
  - name: "github.com/gobuffalo/syncx"
    host:
      name: "go.mongodb.org/mongo-driver"
      commit: "3801c2046d36625de11419d943c8531cc1e0f614"
      url: "https://github.com/mongodb/mongo-go-driver.git"
      vcs: "git"
    vendorPath: "vendor/github.com/gobuffalo/syncx"
    transitive: false
  - name: "github.com/golang/snappy"
    host:
      name: "go.mongodb.org/mongo-driver"
      commit: "3801c2046d36625de11419d943c8531cc1e0f614"
      url: "https://github.com/mongodb/mongo-go-driver.git"
      vcs: "git"
    vendorPath: "vendor/github.com/golang/snappy"
    transitive: false
  - name: "github.com/google/go-cmp"
    host:
      name: "go.mongodb.org/mongo-driver"
      commit: "3801c2046d36625de11419d943c8531cc1e0f614"
      url: "https://github.com/mongodb/mongo-go-driver.git"
      vcs: "git"
    vendorPath: "vendor/github.com/google/go-cmp"
    transitive: false
  - urls:
    - "https://github.com/google/uuid.git"
    - "git@github.com:google/uuid.git"
    vcs: "git"
    name: "github.com/google/uuid"
    commit: "c2e93f3ae59f2904160ceaab466009f965df46d6"
    transitive: false
  - name: "github.com/joho/godotenv"
    host:
      name: "go.mongodb.org/mongo-driver"
      commit: "3801c2046d36625de11419d943c8531cc1e0f614"
      url: "https://github.com/mongodb/mongo-go-driver.git"
      vcs: "git"
    vendorPath: "vendor/github.com/joho/godotenv"
    transitive: false
  - name: "github.com/karrick/godirwalk"
    host:
      name: "go.mongodb.org/mongo-driver"
      commit: "3801c2046d36625de11419d943c8531cc1e0f614"
      url: "https://github.com/mongodb/mongo-go-driver.git"
      vcs: "git"
    vendorPath: "vendor/github.com/karrick/godirwalk"
    transitive: false
  - name: "github.com/konsorten/go-windows-terminal-sequences"
    host:
      name: "go.mongodb.org/mongo-driver"
      commit: "3801c2046d36625de11419d943c8531cc1e0f614"
      url: "https://github.com/mongodb/mongo-go-driver.git"
      vcs: "git"
    vendorPath: "vendor/github.com/konsorten/go-windows-terminal-sequences"
    transitive: false
  - name: "github.com/kr/pretty"
    host:
      name: "go.mongodb.org/mongo-driver"
      commit: "3801c2046d36625de11419d943c8531cc1e0f614"
      url: "https://github.com/mongodb/mongo-go-driver.git"
      vcs: "git"
    vendorPath: "vendor/github.com/kr/pretty"
    transitive: false
  - name: "github.com/kr/text"
    host:
      name: "go.mongodb.org/mongo-driver"
      commit: "3801c2046d36625de11419d943c8531cc1e0f614"
      url: "https://github.com/mongodb/mongo-go-driver.git"
      vcs: "git"
    vendorPath: "vendor/github.com/kr/text"
    transitive: false
  - name: "github.com/markbates/oncer"
    host:
      name: "go.mongodb.org/mongo-driver"
      commit: "3801c2046d36625de11419d943c8531cc1e0f614"
      url: "https://github.com/mongodb/mongo-go-driver.git"
      vcs: "git"
    vendorPath: "vendor/github.com/markbates/oncer"
    transitive: false
  - name: "github.com/markbates/safe"
    host:
      name: "go.mongodb.org/mongo-driver"
      commit: "3801c2046d36625de11419d943c8531cc1e0f614"
      url: "https://github.com/mongodb/mongo-go-driver.git"
      vcs: "git"
    vendorPath: "vendor/github.com/markbates/safe"
    transitive: false
  - name: "github.com/montanaflynn/stats"
    host:
      name: "go.mongodb.org/mongo-driver"
      commit: "3801c2046d36625de11419d943c8531cc1e0f614"
      url: "https://github.com/mongodb/mongo-go-driver.git"
      vcs: "git"
    vendorPath: "vendor/github.com/montanaflynn/stats"
    transitive: false
  - name: "github.com/pelletier/go-toml"
    host:
      name: "go.mongodb.org/mongo-driver"
      commit: "3801c2046d36625de11419d943c8531cc1e0f614"
      url: "https://github.com/mongodb/mongo-go-driver.git"
      vcs: "git"
    vendorPath: "vendor/github.com/pelletier/go-toml"
    transitive: false
  - name: "github.com/pkg/errors"
    host:
      name: "go.mongodb.org/mongo-driver"
      commit: "3801c2046d36625de11419d943c8531cc1e0f614"
      url: "https://github.com/mongodb/mongo-go-driver.git"
      vcs: "git"
    vendorPath: "vendor/github.com/pkg/errors"
    transitive: false
  - name: "github.com/pmezard/go-difflib"
    host:
      name: "go.mongodb.org/mongo-driver"
      commit: "3801c2046d36625de11419d943c8531cc1e0f614"
      url: "https://github.com/mongodb/mongo-go-driver.git"
      vcs: "git"
    vendorPath: "vendor/github.com/pmezard/go-difflib"
    transitive: false
  - name: "github.com/rogpeppe/go-internal"
    host:
      name: "go.mongodb.org/mongo-driver"
      commit: "3801c2046d36625de11419d943c8531cc1e0f614"
      url: "https://github.com/mongodb/mongo-go-driver.git"
      vcs: "git"
    vendorPath: "vendor/github.com/rogpeppe/go-internal"
    transitive: false
  - name: "github.com/sirupsen/logrus"
    host:
      name: "go.mongodb.org/mongo-driver"
      commit: "3801c2046d36625de11419d943c8531cc1e0f614"
      url: "https://github.com/mongodb/mongo-go-driver.git"
      vcs: "git"
    vendorPath: "vendor/github.com/sirupsen/logrus"
    transitive: false
  - name: "github.com/stretchr/testify"
    host:
      name: "go.mongodb.org/mongo-driver"
      commit: "3801c2046d36625de11419d943c8531cc1e0f614"
      url: "https://github.com/mongodb/mongo-go-driver.git"
      vcs: "git"
    vendorPath: "vendor/github.com/stretchr/testify"
    transitive: false
  - name: "github.com/tidwall/pretty"
    host:
      name: "go.mongodb.org/mongo-driver"
      commit: "3801c2046d36625de11419d943c8531cc1e0f614"
      url: "https://github.com/mongodb/mongo-go-driver.git"
      vcs: "git"
    vendorPath: "vendor/github.com/tidwall/pretty"
    transitive: false
  - name: "github.com/xdg/scram"
    host:
      name: "go.mongodb.org/mongo-driver"
      commit: "3801c2046d36625de11419d943c8531cc1e0f614"
      url: "https://github.com/mongodb/mongo-go-driver.git"
      vcs: "git"
    vendorPath: "vendor/github.com/xdg/scram"
    transitive: false
  - name: "github.com/xdg/stringprep"
    host:
      name: "go.mongodb.org/mongo-driver"
      commit: "3801c2046d36625de11419d943c8531cc1e0f614"
      url: "https://github.com/mongodb/mongo-go-driver.git"
      vcs: "git"
    vendorPath: "vendor/github.com/xdg/stringprep"
    transitive: false
  - vcs: "git"
    name: "go.mongodb.org/mongo-driver"
    commit: "3801c2046d36625de11419d943c8531cc1e0f614"
    url: "https://github.com/mongodb/mongo-go-driver.git"
    transitive: false
  - name: "golang.org/x/crypto"
    host:
      name: "go.mongodb.org/mongo-driver"
      commit: "3801c2046d36625de11419d943c8531cc1e0f614"
      url: "https://github.com/mongodb/mongo-go-driver.git"
      vcs: "git"
    vendorPath: "vendor/golang.org/x/crypto"
    transitive: false
  - name: "golang.org/x/net"
    host:
      name: "go.mongodb.org/mongo-driver"
      commit: "3801c2046d36625de11419d943c8531cc1e0f614"
      url: "https://github.com/mongodb/mongo-go-driver.git"
      vcs: "git"
    vendorPath: "vendor/golang.org/x/net"
    transitive: false
  - name: "golang.org/x/sync"
    host:
      name: "go.mongodb.org/mongo-driver"
      commit: "3801c2046d36625de11419d943c8531cc1e0f614"
      url: "https://github.com/mongodb/mongo-go-driver.git"
      vcs: "git"
    vendorPath: "vendor/golang.org/x/sync"
    transitive: false
  - name: "golang.org/x/sys"
    host:
      name: "go.mongodb.org/mongo-driver"
      commit: "3801c2046d36625de11419d943c8531cc1e0f614"
      url: "https://github.com/mongodb/mongo-go-driver.git"
      vcs: "git"
    vendorPath: "vendor/golang.org/x/sys"
    transitive: false
  - name: "golang.org/x/text"
    host:
      name: "go.mongodb.org/mongo-driver"
      commit: "3801c2046d36625de11419d943c8531cc1e0f614"
      url: "https://github.com/mongodb/mongo-go-driver.git"
      vcs: "git"
    vendorPath: "vendor/golang.org/x/text"
    transitive: false
  - name: "golang.org/x/tools"
    host:
      name: "go.mongodb.org/mongo-driver"
      commit: "3801c2046d36625de11419d943c8531cc1e0f614"
      url: "https://github.com/mongodb/mongo-go-driver.git"
      vcs: "git"
    vendorPath: "vendor/golang.org/x/tools"
    transitive: false
  test: []
